
Microsoft Visual Studio Solution File, Format Version 12.00
# Visual Studio 15
VisualStudioVersion = 15.0.25807.0
MinimumVisualStudioVersion = 10.0.40219.1
Project("{FAE04EC0-301F-11D3-BF4B-00C04F79EFBC}") = "KerbalKonstructs", "src\KerbalKonstructs.csproj", "{C733C176-867C-4B72-B979-1004A1A4F193}"
EndProject
Global
	GlobalSection(SolutionConfigurationPlatforms) = preSolution
		Debug|Any CPU = Debug|Any CPU
		Release|Any CPU = Release|Any CPU
		Test|Any CPU = Test|Any CPU
	EndGlobalSection
	GlobalSection(ProjectConfigurationPlatforms) = postSolution
		{C733C176-867C-4B72-B979-1004A1A4F193}.Debug|Any CPU.ActiveCfg = Debug|Any CPU
		{C733C176-867C-4B72-B979-1004A1A4F193}.Debug|Any CPU.Build.0 = Debug|Any CPU
		{C733C176-867C-4B72-B979-1004A1A4F193}.Release|Any CPU.ActiveCfg = Release|Any CPU
		{C733C176-867C-4B72-B979-1004A1A4F193}.Release|Any CPU.Build.0 = Release|Any CPU
		{C733C176-867C-4B72-B979-1004A1A4F193}.Test|Any CPU.ActiveCfg = Test|Any CPU
		{C733C176-867C-4B72-B979-1004A1A4F193}.Test|Any CPU.Build.0 = Test|Any CPU
	EndGlobalSection
	GlobalSection(SolutionProperties) = preSolution
		HideSolutionNode = FALSE
	EndGlobalSection
EndGlobal
